// !$*UTF8*$!
{
	archiveVersion = 1;
	classes = {
	};
	objectVersion = 46;
	objects = {

/* Begin PBXBuildFile section */
		05A437241AA07C4A4375007A /* libPods-test.a in Frameworks */ = {isa = PBXBuildFile; fileRef = E32E70165FDCBDFBD1A48BC5 /* libPods-test.a */; };
		D144F4591FEC0080007FA1A2 /* AppDelegate.swift in Sources */ = {isa = PBXBuildFile; fileRef = D144F4581FEC0080007FA1A2 /* AppDelegate.swift */; };
		D144F45B1FEC0080007FA1A2 /* ViewController.swift in Sources */ = {isa = PBXBuildFile; fileRef = D144F45A1FEC0080007FA1A2 /* ViewController.swift */; };
		D144F45E1FEC0080007FA1A2 /* Main.storyboard in Resources */ = {isa = PBXBuildFile; fileRef = D144F45C1FEC0080007FA1A2 /* Main.storyboard */; };
		D144F4611FEC0080007FA1A2 /* test.xcdatamodeld in Sources */ = {isa = PBXBuildFile; fileRef = D144F45F1FEC0080007FA1A2 /* test.xcdatamodeld */; };
		D144F4631FEC0080007FA1A2 /* Assets.xcassets in Resources */ = {isa = PBXBuildFile; fileRef = D144F4621FEC0080007FA1A2 /* Assets.xcassets */; };
		D144F4661FEC0080007FA1A2 /* LaunchScreen.storyboard in Resources */ = {isa = PBXBuildFile; fileRef = D144F4641FEC0080007FA1A2 /* LaunchScreen.storyboard */; };
		D144F4711FEC0080007FA1A2 /* testTests.swift in Sources */ = {isa = PBXBuildFile; fileRef = D144F4701FEC0080007FA1A2 /* testTests.swift */; };
		D144F47C1FEC0080007FA1A2 /* testUITests.swift in Sources */ = {isa = PBXBuildFile; fileRef = D144F47B1FEC0080007FA1A2 /* testUITests.swift */; };
		D144F48A1FEC00CB007FA1A2 /* GoogleService-Info.plist in Resources */ = {isa = PBXBuildFile; fileRef = D144F4891FEC00CB007FA1A2 /* GoogleService-Info.plist */; };
		D15567E2202031840073415A /* CoreAppData.xcdatamodeld in Sources */ = {isa = PBXBuildFile; fileRef = D15567E0202031840073415A /* CoreAppData.xcdatamodeld */; };
		D15567E4203547910073415A /* DataObjects.swift in Sources */ = {isa = PBXBuildFile; fileRef = D15567E3203547910073415A /* DataObjects.swift */; };
		D16D951320198C5A00051EE5 /* ParseFireBase.swift in Sources */ = {isa = PBXBuildFile; fileRef = D16D951220198C5A00051EE5 /* ParseFireBase.swift */; };
/* End PBXBuildFile section */

/* Begin PBXContainerItemProxy section */
		D144F46D1FEC0080007FA1A2 /* PBXContainerItemProxy */ = {
			isa = PBXContainerItemProxy;
			containerPortal = D144F44D1FEC0080007FA1A2 /* Project object */;
			proxyType = 1;
			remoteGlobalIDString = D144F4541FEC0080007FA1A2;
			remoteInfo = test;
		};
		D144F4781FEC0080007FA1A2 /* PBXContainerItemProxy */ = {
			isa = PBXContainerItemProxy;
			containerPortal = D144F44D1FEC0080007FA1A2 /* Project object */;
			proxyType = 1;
			remoteGlobalIDString = D144F4541FEC0080007FA1A2;
			remoteInfo = test;
		};
/* End PBXContainerItemProxy section */

/* Begin PBXFileReference section */
		3D602F98A63204DB107AA82E /* Pods-test.debug.xcconfig */ = {isa = PBXFileReference; includeInIndex = 1; lastKnownFileType = text.xcconfig; name = "Pods-test.debug.xcconfig"; path = "Pods/Target Support Files/Pods-test/Pods-test.debug.xcconfig"; sourceTree = "<group>"; };
		5907FA970F60D427FC24EAD4 /* Pods-test.release.xcconfig */ = {isa = PBXFileReference; includeInIndex = 1; lastKnownFileType = text.xcconfig; name = "Pods-test.release.xcconfig"; path = "Pods/Target Support Files/Pods-test/Pods-test.release.xcconfig"; sourceTree = "<group>"; };
		D144F4551FEC0080007FA1A2 /* test.app */ = {isa = PBXFileReference; explicitFileType = wrapper.application; includeInIndex = 0; path = test.app; sourceTree = BUILT_PRODUCTS_DIR; };
		D144F4581FEC0080007FA1A2 /* AppDelegate.swift */ = {isa = PBXFileReference; lastKnownFileType = sourcecode.swift; path = AppDelegate.swift; sourceTree = "<group>"; };
		D144F45A1FEC0080007FA1A2 /* ViewController.swift */ = {isa = PBXFileReference; lastKnownFileType = sourcecode.swift; path = ViewController.swift; sourceTree = "<group>"; };
		D144F45D1FEC0080007FA1A2 /* Base */ = {isa = PBXFileReference; lastKnownFileType = file.storyboard; name = Base; path = Base.lproj/Main.storyboard; sourceTree = "<group>"; };
		D144F4601FEC0080007FA1A2 /* test.xcdatamodel */ = {isa = PBXFileReference; lastKnownFileType = wrapper.xcdatamodel; path = test.xcdatamodel; sourceTree = "<group>"; };
		D144F4621FEC0080007FA1A2 /* Assets.xcassets */ = {isa = PBXFileReference; lastKnownFileType = folder.assetcatalog; path = Assets.xcassets; sourceTree = "<group>"; };
		D144F4651FEC0080007FA1A2 /* Base */ = {isa = PBXFileReference; lastKnownFileType = file.storyboard; name = Base; path = Base.lproj/LaunchScreen.storyboard; sourceTree = "<group>"; };
		D144F4671FEC0080007FA1A2 /* Info.plist */ = {isa = PBXFileReference; lastKnownFileType = text.plist.xml; path = Info.plist; sourceTree = "<group>"; };
		D144F46C1FEC0080007FA1A2 /* testTests.xctest */ = {isa = PBXFileReference; explicitFileType = wrapper.cfbundle; includeInIndex = 0; path = testTests.xctest; sourceTree = BUILT_PRODUCTS_DIR; };
		D144F4701FEC0080007FA1A2 /* testTests.swift */ = {isa = PBXFileReference; lastKnownFileType = sourcecode.swift; path = testTests.swift; sourceTree = "<group>"; };
		D144F4721FEC0080007FA1A2 /* Info.plist */ = {isa = PBXFileReference; lastKnownFileType = text.plist.xml; path = Info.plist; sourceTree = "<group>"; };
		D144F4771FEC0080007FA1A2 /* testUITests.xctest */ = {isa = PBXFileReference; explicitFileType = wrapper.cfbundle; includeInIndex = 0; path = testUITests.xctest; sourceTree = BUILT_PRODUCTS_DIR; };
		D144F47B1FEC0080007FA1A2 /* testUITests.swift */ = {isa = PBXFileReference; lastKnownFileType = sourcecode.swift; path = testUITests.swift; sourceTree = "<group>"; };
		D144F47D1FEC0080007FA1A2 /* Info.plist */ = {isa = PBXFileReference; lastKnownFileType = text.plist.xml; path = Info.plist; sourceTree = "<group>"; };
		D144F4891FEC00CB007FA1A2 /* GoogleService-Info.plist */ = {isa = PBXFileReference; fileEncoding = 4; lastKnownFileType = text.plist.xml; path = "GoogleService-Info.plist"; sourceTree = "<group>"; };
		D15567E1202031840073415A /* CoreAppData.xcdatamodel */ = {isa = PBXFileReference; lastKnownFileType = wrapper.xcdatamodel; path = CoreAppData.xcdatamodel; sourceTree = "<group>"; };
		D15567E3203547910073415A /* DataObjects.swift */ = {isa = PBXFileReference; lastKnownFileType = sourcecode.swift; path = DataObjects.swift; sourceTree = "<group>"; };
		D16D951220198C5A00051EE5 /* ParseFireBase.swift */ = {isa = PBXFileReference; lastKnownFileType = sourcecode.swift; path = ParseFireBase.swift; sourceTree = "<group>"; };
		E32E70165FDCBDFBD1A48BC5 /* libPods-test.a */ = {isa = PBXFileReference; explicitFileType = archive.ar; includeInIndex = 0; path = "libPods-test.a"; sourceTree = BUILT_PRODUCTS_DIR; };
/* End PBXFileReference section */

/* Begin PBXFrameworksBuildPhase section */
		D144F4521FEC0080007FA1A2 /* Frameworks */ = {
			isa = PBXFrameworksBuildPhase;
			buildActionMask = 2147483647;
			files = (
				05A437241AA07C4A4375007A /* libPods-test.a in Frameworks */,
			);
			runOnlyForDeploymentPostprocessing = 0;
		};
		D144F4691FEC0080007FA1A2 /* Frameworks */ = {
			isa = PBXFrameworksBuildPhase;
			buildActionMask = 2147483647;
			files = (
			);
			runOnlyForDeploymentPostprocessing = 0;
		};
		D144F4741FEC0080007FA1A2 /* Frameworks */ = {
			isa = PBXFrameworksBuildPhase;
			buildActionMask = 2147483647;
			files = (
			);
			runOnlyForDeploymentPostprocessing = 0;
		};
/* End PBXFrameworksBuildPhase section */

/* Begin PBXGroup section */
		1C83C56CB8DA326E1780E92C /* Pods */ = {
			isa = PBXGroup;
			children = (
				3D602F98A63204DB107AA82E /* Pods-test.debug.xcconfig */,
				5907FA970F60D427FC24EAD4 /* Pods-test.release.xcconfig */,
			);
			name = Pods;
			sourceTree = "<group>";
		};
		9C0FC5D7D79F4EAAB49252D9 /* Frameworks */ = {
			isa = PBXGroup;
			children = (
				E32E70165FDCBDFBD1A48BC5 /* libPods-test.a */,
			);
			name = Frameworks;
			sourceTree = "<group>";
		};
		D144F44C1FEC0080007FA1A2 = {
			isa = PBXGroup;
			children = (
				D144F4571FEC0080007FA1A2 /* test */,
				D144F46F1FEC0080007FA1A2 /* testTests */,
				D144F47A1FEC0080007FA1A2 /* testUITests */,
				D144F4561FEC0080007FA1A2 /* Products */,
				1C83C56CB8DA326E1780E92C /* Pods */,
				9C0FC5D7D79F4EAAB49252D9 /* Frameworks */,
			);
			sourceTree = "<group>";
		};
		D144F4561FEC0080007FA1A2 /* Products */ = {
			isa = PBXGroup;
			children = (
				D144F4551FEC0080007FA1A2 /* test.app */,
				D144F46C1FEC0080007FA1A2 /* testTests.xctest */,
				D144F4771FEC0080007FA1A2 /* testUITests.xctest */,
			);
			name = Products;
			sourceTree = "<group>";
		};
		D144F4571FEC0080007FA1A2 /* test */ = {
			isa = PBXGroup;
			children = (
				D144F4581FEC0080007FA1A2 /* AppDelegate.swift */,
				D144F45A1FEC0080007FA1A2 /* ViewController.swift */,
				D15567E0202031840073415A /* CoreAppData.xcdatamodeld */,
				D16D951220198C5A00051EE5 /* ParseFireBase.swift */,
				D15567E3203547910073415A /* DataObjects.swift */,
				D144F45C1FEC0080007FA1A2 /* Main.storyboard */,
				D144F4621FEC0080007FA1A2 /* Assets.xcassets */,
				D144F4641FEC0080007FA1A2 /* LaunchScreen.storyboard */,
				D144F4671FEC0080007FA1A2 /* Info.plist */,
				D144F4891FEC00CB007FA1A2 /* GoogleService-Info.plist */,
				D144F45F1FEC0080007FA1A2 /* test.xcdatamodeld */,
			);
			path = test;
			sourceTree = "<group>";
		};
		D144F46F1FEC0080007FA1A2 /* testTests */ = {
			isa = PBXGroup;
			children = (
				D144F4701FEC0080007FA1A2 /* testTests.swift */,
				D144F4721FEC0080007FA1A2 /* Info.plist */,
			);
			path = testTests;
			sourceTree = "<group>";
		};
		D144F47A1FEC0080007FA1A2 /* testUITests */ = {
			isa = PBXGroup;
			children = (
				D144F47B1FEC0080007FA1A2 /* testUITests.swift */,
				D144F47D1FEC0080007FA1A2 /* Info.plist */,
			);
			path = testUITests;
			sourceTree = "<group>";
		};
/* End PBXGroup section */

/* Begin PBXNativeTarget section */
		D144F4541FEC0080007FA1A2 /* test */ = {
			isa = PBXNativeTarget;
			buildConfigurationList = D144F4801FEC0080007FA1A2 /* Build configuration list for PBXNativeTarget "test" */;
			buildPhases = (
				E190D4C659CDAB7192E6A887 /* [CP] Check Pods Manifest.lock */,
				D144F4511FEC0080007FA1A2 /* Sources */,
				D144F4521FEC0080007FA1A2 /* Frameworks */,
				D144F4531FEC0080007FA1A2 /* Resources */,
				F252AD47FBB6AD52A26401C7 /* [CP] Embed Pods Frameworks */,
				50354B09FF0AFE2D45C4B01A /* [CP] Copy Pods Resources */,
			);
			buildRules = (
			);
			dependencies = (
			);
			name = test;
			productName = test;
			productReference = D144F4551FEC0080007FA1A2 /* test.app */;
			productType = "com.apple.product-type.application";
		};
		D144F46B1FEC0080007FA1A2 /* testTests */ = {
			isa = PBXNativeTarget;
			buildConfigurationList = D144F4831FEC0080007FA1A2 /* Build configuration list for PBXNativeTarget "testTests" */;
			buildPhases = (
				D144F4681FEC0080007FA1A2 /* Sources */,
				D144F4691FEC0080007FA1A2 /* Frameworks */,
				D144F46A1FEC0080007FA1A2 /* Resources */,
			);
			buildRules = (
			);
			dependencies = (
				D144F46E1FEC0080007FA1A2 /* PBXTargetDependency */,
			);
			name = testTests;
			productName = testTests;
			productReference = D144F46C1FEC0080007FA1A2 /* testTests.xctest */;
			productType = "com.apple.product-type.bundle.unit-test";
		};
		D144F4761FEC0080007FA1A2 /* testUITests */ = {
			isa = PBXNativeTarget;
			buildConfigurationList = D144F4861FEC0080007FA1A2 /* Build configuration list for PBXNativeTarget "testUITests" */;
			buildPhases = (
				D144F4731FEC0080007FA1A2 /* Sources */,
				D144F4741FEC0080007FA1A2 /* Frameworks */,
				D144F4751FEC0080007FA1A2 /* Resources */,
			);
			buildRules = (
			);
			dependencies = (
				D144F4791FEC0080007FA1A2 /* PBXTargetDependency */,
			);
			name = testUITests;
			productName = testUITests;
			productReference = D144F4771FEC0080007FA1A2 /* testUITests.xctest */;
			productType = "com.apple.product-type.bundle.ui-testing";
		};
/* End PBXNativeTarget section */

/* Begin PBXProject section */
		D144F44D1FEC0080007FA1A2 /* Project object */ = {
			isa = PBXProject;
			attributes = {
				LastSwiftUpdateCheck = 0800;
				LastUpgradeCheck = 0920;
				ORGANIZATIONNAME = KrishanWanarajan;
				TargetAttributes = {
					D144F4541FEC0080007FA1A2 = {
						CreatedOnToolsVersion = 8.0;
						ProvisioningStyle = Automatic;
					};
					D144F46B1FEC0080007FA1A2 = {
						CreatedOnToolsVersion = 8.0;
						ProvisioningStyle = Automatic;
						TestTargetID = D144F4541FEC0080007FA1A2;
					};
					D144F4761FEC0080007FA1A2 = {
						CreatedOnToolsVersion = 8.0;
						ProvisioningStyle = Automatic;
						TestTargetID = D144F4541FEC0080007FA1A2;
					};
				};
			};
			buildConfigurationList = D144F4501FEC0080007FA1A2 /* Build configuration list for PBXProject "test" */;
			compatibilityVersion = "Xcode 3.2";
			developmentRegion = English;
			hasScannedForEncodings = 0;
			knownRegions = (
				en,
				Base,
			);
			mainGroup = D144F44C1FEC0080007FA1A2;
			productRefGroup = D144F4561FEC0080007FA1A2 /* Products */;
			projectDirPath = "";
			projectRoot = "";
			targets = (
				D144F4541FEC0080007FA1A2 /* test */,
				D144F46B1FEC0080007FA1A2 /* testTests */,
				D144F4761FEC0080007FA1A2 /* testUITests */,
			);
		};
/* End PBXProject section */

/* Begin PBXResourcesBuildPhase section */
		D144F4531FEC0080007FA1A2 /* Resources */ = {
			isa = PBXResourcesBuildPhase;
			buildActionMask = 2147483647;
			files = (
				D144F4661FEC0080007FA1A2 /* LaunchScreen.storyboard in Resources */,
				D144F48A1FEC00CB007FA1A2 /* GoogleService-Info.plist in Resources */,
				D144F4631FEC0080007FA1A2 /* Assets.xcassets in Resources */,
				D144F45E1FEC0080007FA1A2 /* Main.storyboard in Resources */,
			);
			runOnlyForDeploymentPostprocessing = 0;
		};
		D144F46A1FEC0080007FA1A2 /* Resources */ = {
			isa = PBXResourcesBuildPhase;
			buildActionMask = 2147483647;
			files = (
			);
			runOnlyForDeploymentPostprocessing = 0;
		};
		D144F4751FEC0080007FA1A2 /* Resources */ = {
			isa = PBXResourcesBuildPhase;
			buildActionMask = 2147483647;
			files = (
			);
			runOnlyForDeploymentPostprocessing = 0;
		};
/* End PBXResourcesBuildPhase section */

/* Begin PBXShellScriptBuildPhase section */
		50354B09FF0AFE2D45C4B01A /* [CP] Copy Pods Resources */ = {
			isa = PBXShellScriptBuildPhase;
			buildActionMask = 2147483647;
			files = (
			);
			inputPaths = (
			);
			name = "[CP] Copy Pods Resources";
			outputPaths = (
			);
			runOnlyForDeploymentPostprocessing = 0;
			shellPath = /bin/sh;
			shellScript = "\"${SRCROOT}/Pods/Target Support Files/Pods-test/Pods-test-resources.sh\"\n";
			showEnvVarsInLog = 0;
		};
		E190D4C659CDAB7192E6A887 /* [CP] Check Pods Manifest.lock */ = {
			isa = PBXShellScriptBuildPhase;
			buildActionMask = 2147483647;
			files = (
			);
			inputPaths = (
				"${PODS_PODFILE_DIR_PATH}/Podfile.lock",
				"${PODS_ROOT}/Manifest.lock",
			);
			name = "[CP] Check Pods Manifest.lock";
			outputPaths = (
				"$(DERIVED_FILE_DIR)/Pods-test-checkManifestLockResult.txt",
			);
			runOnlyForDeploymentPostprocessing = 0;
			shellPath = /bin/sh;
			shellScript = "diff \"${PODS_PODFILE_DIR_PATH}/Podfile.lock\" \"${PODS_ROOT}/Manifest.lock\" > /dev/null\nif [ $? != 0 ] ; then\n    # print error to STDERR\n    echo \"error: The sandbox is not in sync with the Podfile.lock. Run 'pod install' or update your CocoaPods installation.\" >&2\n    exit 1\nfi\n# This output is used by Xcode 'outputs' to avoid re-running this script phase.\necho \"SUCCESS\" > \"${SCRIPT_OUTPUT_FILE_0}\"\n";
			showEnvVarsInLog = 0;
		};
		F252AD47FBB6AD52A26401C7 /* [CP] Embed Pods Frameworks */ = {
			isa = PBXShellScriptBuildPhase;
			buildActionMask = 2147483647;
			files = (
			);
			inputPaths = (
			);
			name = "[CP] Embed Pods Frameworks";
			outputPaths = (
			);
			runOnlyForDeploymentPostprocessing = 0;
			shellPath = /bin/sh;
			shellScript = "\"${SRCROOT}/Pods/Target Support Files/Pods-test/Pods-test-frameworks.sh\"\n";
			showEnvVarsInLog = 0;
		};
/* End PBXShellScriptBuildPhase section */

/* Begin PBXSourcesBuildPhase section */
		D144F4511FEC0080007FA1A2 /* Sources */ = {
			isa = PBXSourcesBuildPhase;
			buildActionMask = 2147483647;
			files = (
				D144F45B1FEC0080007FA1A2 /* ViewController.swift in Sources */,
				D144F4591FEC0080007FA1A2 /* AppDelegate.swift in Sources */,
				D16D951320198C5A00051EE5 /* ParseFireBase.swift in Sources */,
				D144F4611FEC0080007FA1A2 /* test.xcdatamodeld in Sources */,
				D15567E4203547910073415A /* DataObjects.swift in Sources */,
				D15567E2202031840073415A /* CoreAppData.xcdatamodeld in Sources */,
			);
			runOnlyForDeploymentPostprocessing = 0;
		};
		D144F4681FEC0080007FA1A2 /* Sources */ = {
			isa = PBXSourcesBuildPhase;
			buildActionMask = 2147483647;
			files = (
				D144F4711FEC0080007FA1A2 /* testTests.swift in Sources */,
			);
			runOnlyForDeploymentPostprocessing = 0;
		};
		D144F4731FEC0080007FA1A2 /* Sources */ = {
			isa = PBXSourcesBuildPhase;
			buildActionMask = 2147483647;
			files = (
				D144F47C1FEC0080007FA1A2 /* testUITests.swift in Sources */,
			);
			runOnlyForDeploymentPostprocessing = 0;
		};
/* End PBXSourcesBuildPhase section */

/* Begin PBXTargetDependency section */
		D144F46E1FEC0080007FA1A2 /* PBXTargetDependency */ = {
			isa = PBXTargetDependency;
			target = D144F4541FEC0080007FA1A2 /* test */;
			targetProxy = D144F46D1FEC0080007FA1A2 /* PBXContainerItemProxy */;
		};
		D144F4791FEC0080007FA1A2 /* PBXTargetDependency */ = {
			isa = PBXTargetDependency;
			target = D144F4541FEC0080007FA1A2 /* test */;
			targetProxy = D144F4781FEC0080007FA1A2 /* PBXContainerItemProxy */;
		};
/* End PBXTargetDependency section */

/* Begin PBXVariantGroup section */
		D144F45C1FEC0080007FA1A2 /* Main.storyboard */ = {
			isa = PBXVariantGroup;
			children = (
				D144F45D1FEC0080007FA1A2 /* Base */,
			);
			name = Main.storyboard;
			sourceTree = "<group>";
		};
		D144F4641FEC0080007FA1A2 /* LaunchScreen.storyboard */ = {
			isa = PBXVariantGroup;
			children = (
				D144F4651FEC0080007FA1A2 /* Base */,
			);
			name = LaunchScreen.storyboard;
			sourceTree = "<group>";
		};
/* End PBXVariantGroup section */

/* Begin XCBuildConfiguration section */
		D144F47E1FEC0080007FA1A2 /* Debug */ = {
			isa = XCBuildConfiguration;
			buildSettings = {
				ALWAYS_SEARCH_USER_PATHS = NO;
				CLANG_ANALYZER_NONNULL = YES;
				CLANG_CXX_LANGUAGE_STANDARD = "gnu++0x";
				CLANG_CXX_LIBRARY = "libc++";
				CLANG_ENABLE_MODULES = YES;
				CLANG_ENABLE_OBJC_ARC = YES;
				CLANG_WARN_BLOCK_CAPTURE_AUTORELEASING = YES;
				CLANG_WARN_BOOL_CONVERSION = YES;
				CLANG_WARN_COMMA = YES;
				CLANG_WARN_CONSTANT_CONVERSION = YES;
				CLANG_WARN_DIRECT_OBJC_ISA_USAGE = YES_ERROR;
				CLANG_WARN_DOCUMENTATION_COMMENTS = YES;
				CLANG_WARN_EMPTY_BODY = YES;
				CLANG_WARN_ENUM_CONVERSION = YES;
				CLANG_WARN_INFINITE_RECURSION = YES;
				CLANG_WARN_INT_CONVERSION = YES;
				CLANG_WARN_NON_LITERAL_NULL_CONVERSION = YES;
				CLANG_WARN_OBJC_LITERAL_CONVERSION = YES;
				CLANG_WARN_OBJC_ROOT_CLASS = YES_ERROR;
				CLANG_WARN_RANGE_LOOP_ANALYSIS = YES;
				CLANG_WARN_STRICT_PROTOTYPES = YES;
				CLANG_WARN_SUSPICIOUS_MOVE = YES;
				CLANG_WARN_SUSPICIOUS_MOVES = YES;
				CLANG_WARN_UNREACHABLE_CODE = YES;
				CLANG_WARN__DUPLICATE_METHOD_MATCH = YES;
				"CODE_SIGN_IDENTITY[sdk=iphoneos*]" = "iPhone Developer";
				COPY_PHASE_STRIP = NO;
				DEBUG_INFORMATION_FORMAT = dwarf;
				ENABLE_STRICT_OBJC_MSGSEND = YES;
				ENABLE_TESTABILITY = YES;
				GCC_C_LANGUAGE_STANDARD = gnu99;
				GCC_DYNAMIC_NO_PIC = NO;
				GCC_NO_COMMON_BLOCKS = YES;
				GCC_OPTIMIZATION_LEVEL = 0;
				GCC_PREPROCESSOR_DEFINITIONS = (
					"DEBUG=1",
					"$(inherited)",
				);
				GCC_WARN_64_TO_32_BIT_CONVERSION = YES;
				GCC_WARN_ABOUT_RETURN_TYPE = YES_ERROR;
				GCC_WARN_UNDECLARED_SELECTOR = YES;
				GCC_WARN_UNINITIALIZED_AUTOS = YES_AGGRESSIVE;
				GCC_WARN_UNUSED_FUNCTION = YES;
				GCC_WARN_UNUSED_VARIABLE = YES;
				IPHONEOS_DEPLOYMENT_TARGET = 10.0;
				MTL_ENABLE_DEBUG_INFO = YES;
				ONLY_ACTIVE_ARCH = YES;
				SDKROOT = iphoneos;
				SWIFT_ACTIVE_COMPILATION_CONDITIONS = DEBUG;
				SWIFT_OPTIMIZATION_LEVEL = "-Onone";
			};
			name = Debug;
		};
		D144F47F1FEC0080007FA1A2 /* Release */ = {
			isa = XCBuildConfiguration;
			buildSettings = {
				ALWAYS_SEARCH_USER_PATHS = NO;
				CLANG_ANALYZER_NONNULL = YES;
				CLANG_CXX_LANGUAGE_STANDARD = "gnu++0x";
				CLANG_CXX_LIBRARY = "libc++";
				CLANG_ENABLE_MODULES = YES;
				CLANG_ENABLE_OBJC_ARC = YES;
				CLANG_WARN_BLOCK_CAPTURE_AUTORELEASING = YES;
				CLANG_WARN_BOOL_CONVERSION = YES;
				CLANG_WARN_COMMA = YES;
				CLANG_WARN_CONSTANT_CONVERSION = YES;
				CLANG_WARN_DIRECT_OBJC_ISA_USAGE = YES_ERROR;
				CLANG_WARN_DOCUMENTATION_COMMENTS = YES;
				CLANG_WARN_EMPTY_BODY = YES;
				CLANG_WARN_ENUM_CONVERSION = YES;
				CLANG_WARN_INFINITE_RECURSION = YES;
				CLANG_WARN_INT_CONVERSION = YES;
				CLANG_WARN_NON_LITERAL_NULL_CONVERSION = YES;
				CLANG_WARN_OBJC_LITERAL_CONVERSION = YES;
				CLANG_WARN_OBJC_ROOT_CLASS = YES_ERROR;
				CLANG_WARN_RANGE_LOOP_ANALYSIS = YES;
				CLANG_WARN_STRICT_PROTOTYPES = YES;
				CLANG_WARN_SUSPICIOUS_MOVE = YES;
				CLANG_WARN_SUSPICIOUS_MOVES = YES;
				CLANG_WARN_UNREACHABLE_CODE = YES;
				CLANG_WARN__DUPLICATE_METHOD_MATCH = YES;
				"CODE_SIGN_IDENTITY[sdk=iphoneos*]" = "iPhone Developer";
				COPY_PHASE_STRIP = NO;
				DEBUG_INFORMATION_FORMAT = "dwarf-with-dsym";
				ENABLE_NS_ASSERTIONS = NO;
				ENABLE_STRICT_OBJC_MSGSEND = YES;
				GCC_C_LANGUAGE_STANDARD = gnu99;
				GCC_NO_COMMON_BLOCKS = YES;
				GCC_WARN_64_TO_32_BIT_CONVERSION = YES;
				GCC_WARN_ABOUT_RETURN_TYPE = YES_ERROR;
				GCC_WARN_UNDECLARED_SELECTOR = YES;
				GCC_WARN_UNINITIALIZED_AUTOS = YES_AGGRESSIVE;
				GCC_WARN_UNUSED_FUNCTION = YES;
				GCC_WARN_UNUSED_VARIABLE = YES;
				IPHONEOS_DEPLOYMENT_TARGET = 10.0;
				MTL_ENABLE_DEBUG_INFO = NO;
				SDKROOT = iphoneos;
				SWIFT_OPTIMIZATION_LEVEL = "-Owholemodule";
				VALIDATE_PRODUCT = YES;
			};
			name = Release;
		};
		D144F4811FEC0080007FA1A2 /* Debug */ = {
			isa = XCBuildConfiguration;
			baseConfigurationReference = 3D602F98A63204DB107AA82E /* Pods-test.debug.xcconfig */;
			buildSettings = {
				ASSETCATALOG_COMPILER_APPICON_NAME = AppIcon;
				INFOPLIST_FILE = test/Info.plist;
				LD_RUNPATH_SEARCH_PATHS = "$(inherited) @executable_path/Frameworks";
				PRODUCT_BUNDLE_IDENTIFIER = com.example..test;
				PRODUCT_NAME = "$(TARGET_NAME)";
				SWIFT_VERSION = 3.0;
			};
			name = Debug;
		};
		D144F4821FEC0080007FA1A2 /* Release */ = {
			isa = XCBuildConfiguration;
			baseConfigurationReference = 5907FA970F60D427FC24EAD4 /* Pods-test.release.xcconfig */;
			buildSettings = {
				ASSETCATALOG_COMPILER_APPICON_NAME = AppIcon;
				INFOPLIST_FILE = test/Info.plist;
				LD_RUNPATH_SEARCH_PATHS = "$(inherited) @executable_path/Frameworks";
				PRODUCT_BUNDLE_IDENTIFIER = com.example..test;
				PRODUCT_NAME = "$(TARGET_NAME)";
				SWIFT_VERSION = 3.0;
			};
			name = Release;
		};
		D144F4841FEC0080007FA1A2 /* Debug */ = {
			isa = XCBuildConfiguration;
			buildSettings = {
				ALWAYS_EMBED_SWIFT_STANDARD_LIBRARIES = YES;
				BUNDLE_LOADER = "$(TEST_HOST)";
				INFOPLIST_FILE = testTests/Info.plist;
				LD_RUNPATH_SEARCH_PATHS = "$(inherited) @executable_path/Frameworks @loader_path/Frameworks";
				PRODUCT_BUNDLE_IDENTIFIER = com.example..testTests;
				PRODUCT_NAME = "$(TARGET_NAME)";
				SWIFT_VERSION = 3.0;
				TEST_HOST = "$(BUILT_PRODUCTS_DIR)/test.app/test";
			};
			name = Debug;
		};
		D144F4851FEC0080007FA1A2 /* Release */ = {
			isa = XCBuildConfiguration;
			buildSettings = {
				ALWAYS_EMBED_SWIFT_STANDARD_LIBRARIES = YES;
				BUNDLE_LOADER = "$(TEST_HOST)";
				INFOPLIST_FILE = testTests/Info.plist;
				LD_RUNPATH_SEARCH_PATHS = "$(inherited) @executable_path/Frameworks @loader_path/Frameworks";
				PRODUCT_BUNDLE_IDENTIFIER = com.example..testTests;
				PRODUCT_NAME = "$(TARGET_NAME)";
				SWIFT_VERSION = 3.0;
				TEST_HOST = "$(BUILT_PRODUCTS_DIR)/test.app/test";
			};
			name = Release;
		};
		D144F4871FEC0080007FA1A2 /* Debug */ = {
			isa = XCBuildConfiguration;
			buildSettings = {
				ALWAYS_EMBED_SWIFT_STANDARD_LIBRARIES = YES;
				INFOPLIST_FILE = testUITests/Info.plist;
				LD_RUNPATH_SEARCH_PATHS = "$(inherited) @executable_path/Frameworks @loader_path/Frameworks";
				PRODUCT_BUNDLE_IDENTIFIER = com.example..testUITests;
				PRODUCT_NAME = "$(TARGET_NAME)";
				SWIFT_VERSION = 3.0;
				TEST_TARGET_NAME = test;
			};
			name = Debug;
		};
		D144F4881FEC0080007FA1A2 /* Release */ = {
			isa = XCBuildConfiguration;
			buildSettings = {
				ALWAYS_EMBED_SWIFT_STANDARD_LIBRARIES = YES;
				INFOPLIST_FILE = testUITests/Info.plist;
				LD_RUNPATH_SEARCH_PATHS = "$(inherited) @executable_path/Frameworks @loader_path/Frameworks";
				PRODUCT_BUNDLE_IDENTIFIER = com.example..testUITests;
				PRODUCT_NAME = "$(TARGET_NAME)";
				SWIFT_VERSION = 3.0;
				TEST_TARGET_NAME = test;
			};
			name = Release;
		};
/* End XCBuildConfiguration section */

/* Begin XCConfigurationList section */
		D144F4501FEC0080007FA1A2 /* Build configuration list for PBXProject "test" */ = {
			isa = XCConfigurationList;
			buildConfigurations = (
				D144F47E1FEC0080007FA1A2 /* Debug */,
				D144F47F1FEC0080007FA1A2 /* Release */,
			);
			defaultConfigurationIsVisible = 0;
			defaultConfigurationName = Release;
		};
		D144F4801FEC0080007FA1A2 /* Build configuration list for PBXNativeTarget "test" */ = {
			isa = XCConfigurationList;
			buildConfigurations = (
				D144F4811FEC0080007FA1A2 /* Debug */,
				D144F4821FEC0080007FA1A2 /* Release */,
			);
			defaultConfigurationIsVisible = 0;
			defaultConfigurationName = Release;
		};
		D144F4831FEC0080007FA1A2 /* Build configuration list for PBXNativeTarget "testTests" */ = {
			isa = XCConfigurationList;
			buildConfigurations = (
				D144F4841FEC0080007FA1A2 /* Debug */,
				D144F4851FEC0080007FA1A2 /* Release */,
			);
			defaultConfigurationIsVisible = 0;
			defaultConfigurationName = Release;
		};
		D144F4861FEC0080007FA1A2 /* Build configuration list for PBXNativeTarget "testUITests" */ = {
			isa = XCConfigurationList;
			buildConfigurations = (
				D144F4871FEC0080007FA1A2 /* Debug */,
				D144F4881FEC0080007FA1A2 /* Release */,
			);
			defaultConfigurationIsVisible = 0;
			defaultConfigurationName = Release;
		};
/* End XCConfigurationList section */

/* Begin XCVersionGroup section */
		D144F45F1FEC0080007FA1A2 /* test.xcdatamodeld */ = {
			isa = XCVersionGroup;
			children = (
				D144F4601FEC0080007FA1A2 /* test.xcdatamodel */,
			);
			currentVersion = D144F4601FEC0080007FA1A2 /* test.xcdatamodel */;
			path = test.xcdatamodeld;
			sourceTree = "<group>";
			versionGroupType = wrapper.xcdatamodel;
		};
		D15567E0202031840073415A /* CoreAppData.xcdatamodeld */ = {
			isa = XCVersionGroup;
			children = (
				D15567E1202031840073415A /* CoreAppData.xcdatamodel */,
			);
			currentVersion = D15567E1202031840073415A /* CoreAppData.xcdatamodel */;
			path = CoreAppData.xcdatamodeld;
			sourceTree = "<group>";
			versionGroupType = wrapper.xcdatamodel;
		};
/* End XCVersionGroup section */
	};
	rootObject = D144F44D1FEC0080007FA1A2 /* Project object */;
}
